
Microsoft Visual Studio Solution File, Format Version 12.00
# Visual Studio Version 17
VisualStudioVersion = 17.0.31903.59
MinimumVisualStudioVersion = 10.0.40219.1
Project("{9A19103F-16F7-4668-BE54-9A1E7A4F7556}") = "modelo", "modelo\modelo.csproj", "{B4B77DC5-683F-4586-8608-EBCC48543A29}"
EndProject
Project("{9A19103F-16F7-4668-BE54-9A1E7A4F7556}") = "modeloDB", "modeloDB\modeloDB.csproj", "{69BAE778-26B8-4133-88CA-45F02CEE8F9B}"
EndProject
Project("{9A19103F-16F7-4668-BE54-9A1E7A4F7556}") = "consola", "consola\consola.csproj", "{DC5395AC-E479-4BDC-9CCE-DCEC22E8BC60}"
EndProject
Project("{9A19103F-16F7-4668-BE54-9A1E7A4F7556}") = "CargaDatos", "CargaDatos\CargaDatos.csproj", "{8530F4D9-5EFA-42D0-8992-2C9C80474275}"
EndProject
Project("{9A19103F-16F7-4668-BE54-9A1E7A4F7556}") = "WebApp", "WebApp\WebApp.csproj", "{4D096480-1F2A-46EC-A86F-3728C343E80F}"
EndProject
Project("{FAE04EC0-301F-11D3-BF4B-00C04F79EFBC}") = "Procesos", "Procesos\Procesos.csproj", "{04587B31-474A-42DB-9BCE-14BC449EF97F}"
EndProject
Global
	GlobalSection(SolutionConfigurationPlatforms) = preSolution
		Debug|Any CPU = Debug|Any CPU
		Release|Any CPU = Release|Any CPU
	EndGlobalSection
	GlobalSection(ProjectConfigurationPlatforms) = postSolution
		{B4B77DC5-683F-4586-8608-EBCC48543A29}.Debug|Any CPU.ActiveCfg = Debug|Any CPU
		{B4B77DC5-683F-4586-8608-EBCC48543A29}.Debug|Any CPU.Build.0 = Debug|Any CPU
		{B4B77DC5-683F-4586-8608-EBCC48543A29}.Release|Any CPU.ActiveCfg = Release|Any CPU
		{B4B77DC5-683F-4586-8608-EBCC48543A29}.Release|Any CPU.Build.0 = Release|Any CPU
		{69BAE778-26B8-4133-88CA-45F02CEE8F9B}.Debug|Any CPU.ActiveCfg = Debug|Any CPU
		{69BAE778-26B8-4133-88CA-45F02CEE8F9B}.Debug|Any CPU.Build.0 = Debug|Any CPU
		{69BAE778-26B8-4133-88CA-45F02CEE8F9B}.Release|Any CPU.ActiveCfg = Release|Any CPU
		{69BAE778-26B8-4133-88CA-45F02CEE8F9B}.Release|Any CPU.Build.0 = Release|Any CPU
		{DC5395AC-E479-4BDC-9CCE-DCEC22E8BC60}.Debug|Any CPU.ActiveCfg = Debug|Any CPU
		{DC5395AC-E479-4BDC-9CCE-DCEC22E8BC60}.Debug|Any CPU.Build.0 = Debug|Any CPU
		{DC5395AC-E479-4BDC-9CCE-DCEC22E8BC60}.Release|Any CPU.ActiveCfg = Release|Any CPU
		{DC5395AC-E479-4BDC-9CCE-DCEC22E8BC60}.Release|Any CPU.Build.0 = Release|Any CPU
		{8530F4D9-5EFA-42D0-8992-2C9C80474275}.Debug|Any CPU.ActiveCfg = Debug|Any CPU
		{8530F4D9-5EFA-42D0-8992-2C9C80474275}.Debug|Any CPU.Build.0 = Debug|Any CPU
		{8530F4D9-5EFA-42D0-8992-2C9C80474275}.Release|Any CPU.ActiveCfg = Release|Any CPU
		{8530F4D9-5EFA-42D0-8992-2C9C80474275}.Release|Any CPU.Build.0 = Release|Any CPU
		{4D096480-1F2A-46EC-A86F-3728C343E80F}.Debug|Any CPU.ActiveCfg = Debug|Any CPU
		{4D096480-1F2A-46EC-A86F-3728C343E80F}.Debug|Any CPU.Build.0 = Debug|Any CPU
		{4D096480-1F2A-46EC-A86F-3728C343E80F}.Release|Any CPU.ActiveCfg = Release|Any CPU
		{4D096480-1F2A-46EC-A86F-3728C343E80F}.Release|Any CPU.Build.0 = Release|Any CPU
		{04587B31-474A-42DB-9BCE-14BC449EF97F}.Debug|Any CPU.ActiveCfg = Debug|Any CPU
		{04587B31-474A-42DB-9BCE-14BC449EF97F}.Debug|Any CPU.Build.0 = Debug|Any CPU
		{04587B31-474A-42DB-9BCE-14BC449EF97F}.Release|Any CPU.ActiveCfg = Release|Any CPU
		{04587B31-474A-42DB-9BCE-14BC449EF97F}.Release|Any CPU.Build.0 = Release|Any CPU
	EndGlobalSection
	GlobalSection(SolutionProperties) = preSolution
		HideSolutionNode = FALSE
	EndGlobalSection
	GlobalSection(ExtensibilityGlobals) = postSolution
		SolutionGuid = {7DD62CA6-BA1B-4407-AA76-9D1A80D3525B}
	EndGlobalSection
EndGlobal
